
Microsoft Visual Studio Solution File, Format Version 12.00
# Visual Studio 15
VisualStudioVersion = 15.0.27130.2010
MinimumVisualStudioVersion = 10.0.40219.1
Project("{9A19103F-16F7-4668-BE54-9A1E7A4F7556}") = "TerraeApp", "TerraeApp\TerraeApp.csproj", "{FD50F956-26F7-47BA-B7C8-A669820038E4}"
EndProject
Project("{9A19103F-16F7-4668-BE54-9A1E7A4F7556}") = "Biblioteca", "Biblioteca\Biblioteca.csproj", "{28309297-4B1F-408D-A9B3-77AA79CDE3BB}"
EndProject
Project("{9A19103F-16F7-4668-BE54-9A1E7A4F7556}") = "BibliotecaServices", "BibliotecaServices\BibliotecaServices.csproj", "{D92C9675-0398-40AA-AA49-600B44F5BDAE}"
EndProject
Project("{FAE04EC0-301F-11D3-BF4B-00C04F79EFBC}") = "UnitTestTerraeApp", "UnitTestTerraeApp\UnitTestTerraeApp.csproj", "{99E28B5F-C280-47E6-B245-900BA36953CC}"
EndProject
Global
	GlobalSection(SolutionConfigurationPlatforms) = preSolution
		Debug|Any CPU = Debug|Any CPU
		Release|Any CPU = Release|Any CPU
	EndGlobalSection
	GlobalSection(ProjectConfigurationPlatforms) = postSolution
		{FD50F956-26F7-47BA-B7C8-A669820038E4}.Debug|Any CPU.ActiveCfg = Debug|Any CPU
		{FD50F956-26F7-47BA-B7C8-A669820038E4}.Debug|Any CPU.Build.0 = Debug|Any CPU
		{FD50F956-26F7-47BA-B7C8-A669820038E4}.Release|Any CPU.ActiveCfg = Release|Any CPU
		{FD50F956-26F7-47BA-B7C8-A669820038E4}.Release|Any CPU.Build.0 = Release|Any CPU
		{28309297-4B1F-408D-A9B3-77AA79CDE3BB}.Debug|Any CPU.ActiveCfg = Debug|Any CPU
		{28309297-4B1F-408D-A9B3-77AA79CDE3BB}.Debug|Any CPU.Build.0 = Debug|Any CPU
		{28309297-4B1F-408D-A9B3-77AA79CDE3BB}.Release|Any CPU.ActiveCfg = Release|Any CPU
		{28309297-4B1F-408D-A9B3-77AA79CDE3BB}.Release|Any CPU.Build.0 = Release|Any CPU
		{D92C9675-0398-40AA-AA49-600B44F5BDAE}.Debug|Any CPU.ActiveCfg = Debug|Any CPU
		{D92C9675-0398-40AA-AA49-600B44F5BDAE}.Debug|Any CPU.Build.0 = Debug|Any CPU
		{D92C9675-0398-40AA-AA49-600B44F5BDAE}.Release|Any CPU.ActiveCfg = Release|Any CPU
		{D92C9675-0398-40AA-AA49-600B44F5BDAE}.Release|Any CPU.Build.0 = Release|Any CPU
		{99E28B5F-C280-47E6-B245-900BA36953CC}.Debug|Any CPU.ActiveCfg = Debug|Any CPU
		{99E28B5F-C280-47E6-B245-900BA36953CC}.Debug|Any CPU.Build.0 = Debug|Any CPU
		{99E28B5F-C280-47E6-B245-900BA36953CC}.Release|Any CPU.ActiveCfg = Release|Any CPU
		{99E28B5F-C280-47E6-B245-900BA36953CC}.Release|Any CPU.Build.0 = Release|Any CPU
	EndGlobalSection
	GlobalSection(SolutionProperties) = preSolution
		HideSolutionNode = FALSE
	EndGlobalSection
	GlobalSection(ExtensibilityGlobals) = postSolution
		SolutionGuid = {F3C3CD6F-0ECD-40E3-984E-6CB0D4457AA9}
	EndGlobalSection
EndGlobal
